
Microsoft Visual Studio Solution File, Format Version 12.00
# Visual Studio Version 17
VisualStudioVersion = 17.11.35312.102
MinimumVisualStudioVersion = 10.0.40219.1
Project("{9A19103F-16F7-4668-BE54-9A1E7A4F7556}") = "CarConnect", "CarConnect\CarConnect.csproj", "{9BF2EA43-D252-45BE-B4E9-BA977162E149}"
EndProject
Project("{FAE04EC0-301F-11D3-BF4B-00C04F79EFBC}") = "CarConnect.Tests", "CarConnect.Tests\CarConnect.Tests.csproj", "{C69CB442-F2C6-4F2F-8A5E-0FF8ADF219A5}"
EndProject
Global
	GlobalSection(SolutionConfigurationPlatforms) = preSolution
		Debug|Any CPU = Debug|Any CPU
		Release|Any CPU = Release|Any CPU
	EndGlobalSection
	GlobalSection(ProjectConfigurationPlatforms) = postSolution
		{9BF2EA43-D252-45BE-B4E9-BA977162E149}.Debug|Any CPU.ActiveCfg = Debug|Any CPU
		{9BF2EA43-D252-45BE-B4E9-BA977162E149}.Debug|Any CPU.Build.0 = Debug|Any CPU
		{9BF2EA43-D252-45BE-B4E9-BA977162E149}.Release|Any CPU.ActiveCfg = Release|Any CPU
		{9BF2EA43-D252-45BE-B4E9-BA977162E149}.Release|Any CPU.Build.0 = Release|Any CPU
		{C69CB442-F2C6-4F2F-8A5E-0FF8ADF219A5}.Debug|Any CPU.ActiveCfg = Debug|Any CPU
		{C69CB442-F2C6-4F2F-8A5E-0FF8ADF219A5}.Debug|Any CPU.Build.0 = Debug|Any CPU
		{C69CB442-F2C6-4F2F-8A5E-0FF8ADF219A5}.Release|Any CPU.ActiveCfg = Release|Any CPU
		{C69CB442-F2C6-4F2F-8A5E-0FF8ADF219A5}.Release|Any CPU.Build.0 = Release|Any CPU
	EndGlobalSection
	GlobalSection(SolutionProperties) = preSolution
		HideSolutionNode = FALSE
	EndGlobalSection
	GlobalSection(ExtensibilityGlobals) = postSolution
		SolutionGuid = {CF560031-AEBB-42E3-A0A2-D4643D3ED2B4}
	EndGlobalSection
EndGlobal
